
Microsoft Visual Studio Solution File, Format Version 12.00
# Visual Studio Version 17
VisualStudioVersion = 17.14.36603.0 d17.14
MinimumVisualStudioVersion = 10.0.40219.1
Project("{FAE04EC0-301F-11D3-BF4B-00C04F79EFBC}") = "Типы данных - Задание 1", "Типы данных - Задание 1\Типы данных - Задание 1.csproj", "{431124AE-6E14-455F-8BBF-640231C30E9D}"
EndProject
Project("{FAE04EC0-301F-11D3-BF4B-00C04F79EFBC}") = "Типы данных - Задание 2", "Типы данных - Задание 2\Типы данных - Задание 2.csproj", "{61080788-E482-4351-89C2-46E59F74AE3B}"
EndProject
Global
	GlobalSection(SolutionConfigurationPlatforms) = preSolution
		Debug|Any CPU = Debug|Any CPU
		Release|Any CPU = Release|Any CPU
	EndGlobalSection
	GlobalSection(ProjectConfigurationPlatforms) = postSolution
		{431124AE-6E14-455F-8BBF-640231C30E9D}.Debug|Any CPU.ActiveCfg = Debug|Any CPU
		{431124AE-6E14-455F-8BBF-640231C30E9D}.Debug|Any CPU.Build.0 = Debug|Any CPU
		{431124AE-6E14-455F-8BBF-640231C30E9D}.Release|Any CPU.ActiveCfg = Release|Any CPU
		{431124AE-6E14-455F-8BBF-640231C30E9D}.Release|Any CPU.Build.0 = Release|Any CPU
		{61080788-E482-4351-89C2-46E59F74AE3B}.Debug|Any CPU.ActiveCfg = Debug|Any CPU
		{61080788-E482-4351-89C2-46E59F74AE3B}.Debug|Any CPU.Build.0 = Debug|Any CPU
		{61080788-E482-4351-89C2-46E59F74AE3B}.Release|Any CPU.ActiveCfg = Release|Any CPU
		{61080788-E482-4351-89C2-46E59F74AE3B}.Release|Any CPU.Build.0 = Release|Any CPU
	EndGlobalSection
	GlobalSection(SolutionProperties) = preSolution
		HideSolutionNode = FALSE
	EndGlobalSection
	GlobalSection(ExtensibilityGlobals) = postSolution
		SolutionGuid = {D69F3605-FBD3-4094-AB95-5F0F38C3BE91}
	EndGlobalSection
EndGlobal
